
Microsoft Visual Studio Solution File, Format Version 12.00
# Visual Studio Version 17
VisualStudioVersion = 17.14.36327.8 d17.14
MinimumVisualStudioVersion = 10.0.40219.1
Project("{9A19103F-16F7-4668-BE54-9A1E7A4F7556}") = "Q10.TaskManager.Api", "Q10.TaskManager.Api\Q10.TaskManager.Api.csproj", "{1A66CC7B-BDE2-4FD8-9A79-75C0A4714911}"
EndProject
Project("{FAE04EC0-301F-11D3-BF4B-00C04F79EFBC}") = "Q10.TaskManager.Infrastructure", "Q10.TaskManager.Infrastructure\Q10.TaskManager.Infrastructure.csproj", "{363D977E-902F-4A9A-8342-79B24B482B9F}"
EndProject
Global
	GlobalSection(SolutionConfigurationPlatforms) = preSolution
		Debug|Any CPU = Debug|Any CPU
		Release|Any CPU = Release|Any CPU
	EndGlobalSection
	GlobalSection(ProjectConfigurationPlatforms) = postSolution
		{1A66CC7B-BDE2-4FD8-9A79-75C0A4714911}.Debug|Any CPU.ActiveCfg = Debug|Any CPU
		{1A66CC7B-BDE2-4FD8-9A79-75C0A4714911}.Debug|Any CPU.Build.0 = Debug|Any CPU
		{1A66CC7B-BDE2-4FD8-9A79-75C0A4714911}.Release|Any CPU.ActiveCfg = Release|Any CPU
		{1A66CC7B-BDE2-4FD8-9A79-75C0A4714911}.Release|Any CPU.Build.0 = Release|Any CPU
		{363D977E-902F-4A9A-8342-79B24B482B9F}.Debug|Any CPU.ActiveCfg = Debug|Any CPU
		{363D977E-902F-4A9A-8342-79B24B482B9F}.Debug|Any CPU.Build.0 = Debug|Any CPU
		{363D977E-902F-4A9A-8342-79B24B482B9F}.Release|Any CPU.ActiveCfg = Release|Any CPU
		{363D977E-902F-4A9A-8342-79B24B482B9F}.Release|Any CPU.Build.0 = Release|Any CPU
	EndGlobalSection
	GlobalSection(SolutionProperties) = preSolution
		HideSolutionNode = FALSE
	EndGlobalSection
	GlobalSection(ExtensibilityGlobals) = postSolution
		SolutionGuid = {03B2AC09-4EDF-4598-8E40-F0717BF964F2}
	EndGlobalSection
EndGlobal
